
Microsoft Visual Studio Solution File, Format Version 12.00
# Visual Studio Version 16
VisualStudioVersion = 16.0.31205.134
MinimumVisualStudioVersion = 10.0.40219.1
Project("{FAE04EC0-301F-11D3-BF4B-00C04F79EFBC}") = "NumberInString", "NumberInString\NumberInString.csproj", "{ABAB427A-6C2A-4737-AC44-FB7D070DC03C}"
EndProject
Global
	GlobalSection(SolutionConfigurationPlatforms) = preSolution
		Debug|Any CPU = Debug|Any CPU
		Release|Any CPU = Release|Any CPU
	EndGlobalSection
	GlobalSection(ProjectConfigurationPlatforms) = postSolution
		{ABAB427A-6C2A-4737-AC44-FB7D070DC03C}.Debug|Any CPU.ActiveCfg = Debug|Any CPU
		{ABAB427A-6C2A-4737-AC44-FB7D070DC03C}.Debug|Any CPU.Build.0 = Debug|Any CPU
		{ABAB427A-6C2A-4737-AC44-FB7D070DC03C}.Release|Any CPU.ActiveCfg = Release|Any CPU
		{ABAB427A-6C2A-4737-AC44-FB7D070DC03C}.Release|Any CPU.Build.0 = Release|Any CPU
	EndGlobalSection
	GlobalSection(SolutionProperties) = preSolution
		HideSolutionNode = FALSE
	EndGlobalSection
	GlobalSection(ExtensibilityGlobals) = postSolution
		SolutionGuid = {98E2C51B-442A-4786-8F80-157CF3FF0F43}
	EndGlobalSection
EndGlobal
