
Microsoft Visual Studio Solution File, Format Version 12.00
# Visual Studio Version 16
VisualStudioVersion = 16.0.31205.134
MinimumVisualStudioVersion = 10.0.40219.1
Project("{FAE04EC0-301F-11D3-BF4B-00C04F79EFBC}") = "Comand2", "Comand2\Comand2.csproj", "{FF855E58-F3D7-4E0D-9166-A32B04ED81BF}"
EndProject
Global
	GlobalSection(SolutionConfigurationPlatforms) = preSolution
		Debug|Any CPU = Debug|Any CPU
		Release|Any CPU = Release|Any CPU
	EndGlobalSection
	GlobalSection(ProjectConfigurationPlatforms) = postSolution
		{FF855E58-F3D7-4E0D-9166-A32B04ED81BF}.Debug|Any CPU.ActiveCfg = Debug|Any CPU
		{FF855E58-F3D7-4E0D-9166-A32B04ED81BF}.Debug|Any CPU.Build.0 = Debug|Any CPU
		{FF855E58-F3D7-4E0D-9166-A32B04ED81BF}.Release|Any CPU.ActiveCfg = Release|Any CPU
		{FF855E58-F3D7-4E0D-9166-A32B04ED81BF}.Release|Any CPU.Build.0 = Release|Any CPU
	EndGlobalSection
	GlobalSection(SolutionProperties) = preSolution
		HideSolutionNode = FALSE
	EndGlobalSection
	GlobalSection(ExtensibilityGlobals) = postSolution
		SolutionGuid = {CD3BBDCA-451C-4C09-8B8A-24EFF89A9665}
	EndGlobalSection
EndGlobal
